// !$*UTF8*$!
{
	archiveVersion = 1;
	classes = {
	};
	objectVersion = 50;
	objects = {

/* Begin PBXBuildFile section */
		1DB388622145196E004D0803 /* AppDelegate.swift in Sources */ = {isa = PBXBuildFile; fileRef = 1DB388612145196E004D0803 /* AppDelegate.swift */; };
		1DB388642145196E004D0803 /* RootViewController.swift in Sources */ = {isa = PBXBuildFile; fileRef = 1DB388632145196E004D0803 /* RootViewController.swift */; };
		1DB388672145196E004D0803 /* Main.storyboard in Resources */ = {isa = PBXBuildFile; fileRef = 1DB388652145196E004D0803 /* Main.storyboard */; };
		1DB3886A2145196E004D0803 /* Sky.xcdatamodeld in Sources */ = {isa = PBXBuildFile; fileRef = 1DB388682145196E004D0803 /* Sky.xcdatamodeld */; };
		1DB3886C21451970004D0803 /* Assets.xcassets in Resources */ = {isa = PBXBuildFile; fileRef = 1DB3886B21451970004D0803 /* Assets.xcassets */; };
		1DB3886F21451970004D0803 /* LaunchScreen.storyboard in Resources */ = {isa = PBXBuildFile; fileRef = 1DB3886D21451970004D0803 /* LaunchScreen.storyboard */; };
		1DB3888521451970004D0803 /* SkyUITests.swift in Sources */ = {isa = PBXBuildFile; fileRef = 1DB3888421451970004D0803 /* SkyUITests.swift */; };
		1DB3889B21458128004D0803 /* Configuration.swift in Sources */ = {isa = PBXBuildFile; fileRef = 1DB3889A21458128004D0803 /* Configuration.swift */; };
		1DB3889F2145824A004D0803 /* Location.swift in Sources */ = {isa = PBXBuildFile; fileRef = 1DB3889E2145824A004D0803 /* Location.swift */; };
		1DB388A12145831D004D0803 /* WeatherData.swift in Sources */ = {isa = PBXBuildFile; fileRef = 1DB388A02145831D004D0803 /* WeatherData.swift */; };
		1DB388A4214584F4004D0803 /* WeatherDataManager.swift in Sources */ = {isa = PBXBuildFile; fileRef = 1DB388A3214584F4004D0803 /* WeatherDataManager.swift */; };
		1DB388A621461FF5004D0803 /* WeatherDataManagerTest.swift in Sources */ = {isa = PBXBuildFile; fileRef = 1DB388A521461FF5004D0803 /* WeatherDataManagerTest.swift */; };
		1DB388AB21462453004D0803 /* URLSessionProtocol.swift in Sources */ = {isa = PBXBuildFile; fileRef = 1DB388AA21462453004D0803 /* URLSessionProtocol.swift */; };
		1DB388B021462DDE004D0803 /* MockURLSession.swift in Sources */ = {isa = PBXBuildFile; fileRef = 1DB388AF21462DDE004D0803 /* MockURLSession.swift */; };
		1DB388B421462F5D004D0803 /* URLSession.swift in Sources */ = {isa = PBXBuildFile; fileRef = 1DB388B321462F5D004D0803 /* URLSession.swift */; };
		1DB388B621462F6D004D0803 /* URLSessionDataTask.swift in Sources */ = {isa = PBXBuildFile; fileRef = 1DB388B521462F6D004D0803 /* URLSessionDataTask.swift */; };
		1DB388B821462FCC004D0803 /* URLSessionDataTaskProtocol.swift in Sources */ = {isa = PBXBuildFile; fileRef = 1DB388B721462FCC004D0803 /* URLSessionDataTaskProtocol.swift */; };
		1DB388BA21463294004D0803 /* MockURLSessionDataTask.swift in Sources */ = {isa = PBXBuildFile; fileRef = 1DB388B921463294004D0803 /* MockURLSessionDataTask.swift */; };
		1DB388BD21463ADA004D0803 /* WeatherViewController.swift in Sources */ = {isa = PBXBuildFile; fileRef = 1DB388BC21463ADA004D0803 /* WeatherViewController.swift */; };
		1DB388BF21463DF5004D0803 /* CurrentWeatherViewController.swift in Sources */ = {isa = PBXBuildFile; fileRef = 1DB388BE21463DF5004D0803 /* CurrentWeatherViewController.swift */; };
		1DB388C12146412D004D0803 /* Double.swift in Sources */ = {isa = PBXBuildFile; fileRef = 1DB388C02146412D004D0803 /* Double.swift */; };
/* End PBXBuildFile section */

/* Begin PBXContainerItemProxy section */
		1DB3887621451970004D0803 /* PBXContainerItemProxy */ = {
			isa = PBXContainerItemProxy;
			containerPortal = 1DB388562145196E004D0803 /* Project object */;
			proxyType = 1;
			remoteGlobalIDString = 1DB3885D2145196E004D0803;
			remoteInfo = Sky;
		};
		1DB3888121451970004D0803 /* PBXContainerItemProxy */ = {
			isa = PBXContainerItemProxy;
			containerPortal = 1DB388562145196E004D0803 /* Project object */;
			proxyType = 1;
			remoteGlobalIDString = 1DB3885D2145196E004D0803;
			remoteInfo = Sky;
		};
/* End PBXContainerItemProxy section */

/* Begin PBXFileReference section */
		1DB3885E2145196E004D0803 /* Sky.app */ = {isa = PBXFileReference; explicitFileType = wrapper.application; includeInIndex = 0; path = Sky.app; sourceTree = BUILT_PRODUCTS_DIR; };
		1DB388612145196E004D0803 /* AppDelegate.swift */ = {isa = PBXFileReference; lastKnownFileType = sourcecode.swift; path = AppDelegate.swift; sourceTree = "<group>"; };
		1DB388632145196E004D0803 /* RootViewController.swift */ = {isa = PBXFileReference; lastKnownFileType = sourcecode.swift; path = RootViewController.swift; sourceTree = "<group>"; };
		1DB388662145196E004D0803 /* Base */ = {isa = PBXFileReference; lastKnownFileType = file.storyboard; name = Base; path = Base.lproj/Main.storyboard; sourceTree = "<group>"; };
		1DB388692145196E004D0803 /* Sky.xcdatamodel */ = {isa = PBXFileReference; lastKnownFileType = wrapper.xcdatamodel; path = Sky.xcdatamodel; sourceTree = "<group>"; };
		1DB3886B21451970004D0803 /* Assets.xcassets */ = {isa = PBXFileReference; lastKnownFileType = folder.assetcatalog; path = Assets.xcassets; sourceTree = "<group>"; };
		1DB3886E21451970004D0803 /* Base */ = {isa = PBXFileReference; lastKnownFileType = file.storyboard; name = Base; path = Base.lproj/LaunchScreen.storyboard; sourceTree = "<group>"; };
		1DB3887021451970004D0803 /* Info.plist */ = {isa = PBXFileReference; lastKnownFileType = text.plist.xml; path = Info.plist; sourceTree = "<group>"; };
		1DB3887521451970004D0803 /* SkyTests.xctest */ = {isa = PBXFileReference; explicitFileType = wrapper.cfbundle; includeInIndex = 0; path = SkyTests.xctest; sourceTree = BUILT_PRODUCTS_DIR; };
		1DB3887B21451970004D0803 /* Info.plist */ = {isa = PBXFileReference; lastKnownFileType = text.plist.xml; path = Info.plist; sourceTree = "<group>"; };
		1DB3888021451970004D0803 /* SkyUITests.xctest */ = {isa = PBXFileReference; explicitFileType = wrapper.cfbundle; includeInIndex = 0; path = SkyUITests.xctest; sourceTree = BUILT_PRODUCTS_DIR; };
		1DB3888421451970004D0803 /* SkyUITests.swift */ = {isa = PBXFileReference; lastKnownFileType = sourcecode.swift; path = SkyUITests.swift; sourceTree = "<group>"; };
		1DB3888621451970004D0803 /* Info.plist */ = {isa = PBXFileReference; lastKnownFileType = text.plist.xml; path = Info.plist; sourceTree = "<group>"; };
		1DB3889A21458128004D0803 /* Configuration.swift */ = {isa = PBXFileReference; lastKnownFileType = sourcecode.swift; path = Configuration.swift; sourceTree = "<group>"; };
		1DB3889E2145824A004D0803 /* Location.swift */ = {isa = PBXFileReference; lastKnownFileType = sourcecode.swift; path = Location.swift; sourceTree = "<group>"; };
		1DB388A02145831D004D0803 /* WeatherData.swift */ = {isa = PBXFileReference; lastKnownFileType = sourcecode.swift; path = WeatherData.swift; sourceTree = "<group>"; };
		1DB388A3214584F4004D0803 /* WeatherDataManager.swift */ = {isa = PBXFileReference; lastKnownFileType = sourcecode.swift; path = WeatherDataManager.swift; sourceTree = "<group>"; };
		1DB388A521461FF5004D0803 /* WeatherDataManagerTest.swift */ = {isa = PBXFileReference; lastKnownFileType = sourcecode.swift; path = WeatherDataManagerTest.swift; sourceTree = "<group>"; };
		1DB388AA21462453004D0803 /* URLSessionProtocol.swift */ = {isa = PBXFileReference; lastKnownFileType = sourcecode.swift; path = URLSessionProtocol.swift; sourceTree = "<group>"; };
		1DB388AF21462DDE004D0803 /* MockURLSession.swift */ = {isa = PBXFileReference; lastKnownFileType = sourcecode.swift; path = MockURLSession.swift; sourceTree = "<group>"; };
		1DB388B321462F5D004D0803 /* URLSession.swift */ = {isa = PBXFileReference; lastKnownFileType = sourcecode.swift; path = URLSession.swift; sourceTree = "<group>"; };
		1DB388B521462F6D004D0803 /* URLSessionDataTask.swift */ = {isa = PBXFileReference; lastKnownFileType = sourcecode.swift; path = URLSessionDataTask.swift; sourceTree = "<group>"; };
		1DB388B721462FCC004D0803 /* URLSessionDataTaskProtocol.swift */ = {isa = PBXFileReference; lastKnownFileType = sourcecode.swift; path = URLSessionDataTaskProtocol.swift; sourceTree = "<group>"; };
		1DB388B921463294004D0803 /* MockURLSessionDataTask.swift */ = {isa = PBXFileReference; lastKnownFileType = sourcecode.swift; path = MockURLSessionDataTask.swift; sourceTree = "<group>"; };
		1DB388BC21463ADA004D0803 /* WeatherViewController.swift */ = {isa = PBXFileReference; lastKnownFileType = sourcecode.swift; path = WeatherViewController.swift; sourceTree = "<group>"; };
		1DB388BE21463DF5004D0803 /* CurrentWeatherViewController.swift */ = {isa = PBXFileReference; lastKnownFileType = sourcecode.swift; path = CurrentWeatherViewController.swift; sourceTree = "<group>"; };
		1DB388C02146412D004D0803 /* Double.swift */ = {isa = PBXFileReference; lastKnownFileType = sourcecode.swift; path = Double.swift; sourceTree = "<group>"; };
/* End PBXFileReference section */

/* Begin PBXFrameworksBuildPhase section */
		1DB3885B2145196E004D0803 /* Frameworks */ = {
			isa = PBXFrameworksBuildPhase;
			buildActionMask = 2147483647;
			files = (
			);
			runOnlyForDeploymentPostprocessing = 0;
		};
		1DB3887221451970004D0803 /* Frameworks */ = {
			isa = PBXFrameworksBuildPhase;
			buildActionMask = 2147483647;
			files = (
			);
			runOnlyForDeploymentPostprocessing = 0;
		};
		1DB3887D21451970004D0803 /* Frameworks */ = {
			isa = PBXFrameworksBuildPhase;
			buildActionMask = 2147483647;
			files = (
			);
			runOnlyForDeploymentPostprocessing = 0;
		};
/* End PBXFrameworksBuildPhase section */

/* Begin PBXGroup section */
		1DB388552145196E004D0803 = {
			isa = PBXGroup;
			children = (
				1DB388602145196E004D0803 /* Sky */,
				1DB3887821451970004D0803 /* SkyTests */,
				1DB3888321451970004D0803 /* SkyUITests */,
				1DB3885F2145196E004D0803 /* Products */,
			);
			sourceTree = "<group>";
		};
		1DB3885F2145196E004D0803 /* Products */ = {
			isa = PBXGroup;
			children = (
				1DB3885E2145196E004D0803 /* Sky.app */,
				1DB3887521451970004D0803 /* SkyTests.xctest */,
				1DB3888021451970004D0803 /* SkyUITests.xctest */,
			);
			name = Products;
			sourceTree = "<group>";
		};
		1DB388602145196E004D0803 /* Sky */ = {
			isa = PBXGroup;
			children = (
				1DB388AC214628AC004D0803 /* Extension */,
				1DB388A7214623D6004D0803 /* Protocols */,
				1DB388A22145849D004D0803 /* Manager */,
				1DB3889D2145822E004D0803 /* Models */,
				1DB38899214580ED004D0803 /* Configuration */,
				1DB3889221451E2D004D0803 /* Delegates */,
				1DB3889521451E7E004D0803 /* Recourses */,
				1DB3889321451E44004D0803 /* ViewControllers */,
				1DB3889421451E5F004D0803 /* Storyboards */,
				1DB3889621451EB7004D0803 /* SupportingFiles */,
			);
			path = Sky;
			sourceTree = "<group>";
		};
		1DB3887821451970004D0803 /* SkyTests */ = {
			isa = PBXGroup;
			children = (
				1DB3887B21451970004D0803 /* Info.plist */,
				1DB388A521461FF5004D0803 /* WeatherDataManagerTest.swift */,
				1DB388AF21462DDE004D0803 /* MockURLSession.swift */,
				1DB388B921463294004D0803 /* MockURLSessionDataTask.swift */,
			);
			path = SkyTests;
			sourceTree = "<group>";
		};
		1DB3888321451970004D0803 /* SkyUITests */ = {
			isa = PBXGroup;
			children = (
				1DB3888421451970004D0803 /* SkyUITests.swift */,
				1DB3888621451970004D0803 /* Info.plist */,
			);
			path = SkyUITests;
			sourceTree = "<group>";
		};
		1DB3889221451E2D004D0803 /* Delegates */ = {
			isa = PBXGroup;
			children = (
				1DB388612145196E004D0803 /* AppDelegate.swift */,
			);
			path = Delegates;
			sourceTree = "<group>";
		};
		1DB3889321451E44004D0803 /* ViewControllers */ = {
			isa = PBXGroup;
			children = (
				1DB388C221464716004D0803 /* RootViewController */,
				1DB388BB21463AAB004D0803 /* WeatherViewControllers */,
			);
			path = ViewControllers;
			sourceTree = "<group>";
		};
		1DB3889421451E5F004D0803 /* Storyboards */ = {
			isa = PBXGroup;
			children = (
				1DB388652145196E004D0803 /* Main.storyboard */,
				1DB3886D21451970004D0803 /* LaunchScreen.storyboard */,
			);
			path = Storyboards;
			sourceTree = "<group>";
		};
		1DB3889521451E7E004D0803 /* Recourses */ = {
			isa = PBXGroup;
			children = (
				1DB3886B21451970004D0803 /* Assets.xcassets */,
			);
			path = Recourses;
			sourceTree = "<group>";
		};
		1DB3889621451EB7004D0803 /* SupportingFiles */ = {
			isa = PBXGroup;
			children = (
				1DB388682145196E004D0803 /* Sky.xcdatamodeld */,
				1DB3887021451970004D0803 /* Info.plist */,
			);
			path = SupportingFiles;
			sourceTree = "<group>";
		};
		1DB38899214580ED004D0803 /* Configuration */ = {
			isa = PBXGroup;
			children = (
				1DB3889A21458128004D0803 /* Configuration.swift */,
			);
			path = Configuration;
			sourceTree = "<group>";
		};
		1DB3889D2145822E004D0803 /* Models */ = {
			isa = PBXGroup;
			children = (
				1DB3889E2145824A004D0803 /* Location.swift */,
				1DB388A02145831D004D0803 /* WeatherData.swift */,
			);
			path = Models;
			sourceTree = "<group>";
		};
		1DB388A22145849D004D0803 /* Manager */ = {
			isa = PBXGroup;
			children = (
				1DB388A3214584F4004D0803 /* WeatherDataManager.swift */,
			);
			path = Manager;
			sourceTree = "<group>";
		};
		1DB388A7214623D6004D0803 /* Protocols */ = {
			isa = PBXGroup;
			children = (
				1DB388AA21462453004D0803 /* URLSessionProtocol.swift */,
				1DB388B721462FCC004D0803 /* URLSessionDataTaskProtocol.swift */,
			);
			path = Protocols;
			sourceTree = "<group>";
		};
		1DB388AC214628AC004D0803 /* Extension */ = {
			isa = PBXGroup;
			children = (
				1DB388B321462F5D004D0803 /* URLSession.swift */,
				1DB388B521462F6D004D0803 /* URLSessionDataTask.swift */,
				1DB388C02146412D004D0803 /* Double.swift */,
			);
			path = Extension;
			sourceTree = "<group>";
		};
		1DB388BB21463AAB004D0803 /* WeatherViewControllers */ = {
			isa = PBXGroup;
			children = (
				1DB388BC21463ADA004D0803 /* WeatherViewController.swift */,
				1DB388BE21463DF5004D0803 /* CurrentWeatherViewController.swift */,
			);
			path = WeatherViewControllers;
			sourceTree = "<group>";
		};
		1DB388C221464716004D0803 /* RootViewController */ = {
			isa = PBXGroup;
			children = (
				1DB388632145196E004D0803 /* RootViewController.swift */,
			);
			path = RootViewController;
			sourceTree = "<group>";
		};
/* End PBXGroup section */

/* Begin PBXNativeTarget section */
		1DB3885D2145196E004D0803 /* Sky */ = {
			isa = PBXNativeTarget;
			buildConfigurationList = 1DB3888921451970004D0803 /* Build configuration list for PBXNativeTarget "Sky" */;
			buildPhases = (
				1DB3885A2145196E004D0803 /* Sources */,
				1DB3885B2145196E004D0803 /* Frameworks */,
				1DB3885C2145196E004D0803 /* Resources */,
			);
			buildRules = (
			);
			dependencies = (
			);
			name = Sky;
			productName = Sky;
			productReference = 1DB3885E2145196E004D0803 /* Sky.app */;
			productType = "com.apple.product-type.application";
		};
		1DB3887421451970004D0803 /* SkyTests */ = {
			isa = PBXNativeTarget;
			buildConfigurationList = 1DB3888C21451970004D0803 /* Build configuration list for PBXNativeTarget "SkyTests" */;
			buildPhases = (
				1DB3887121451970004D0803 /* Sources */,
				1DB3887221451970004D0803 /* Frameworks */,
				1DB3887321451970004D0803 /* Resources */,
			);
			buildRules = (
			);
			dependencies = (
				1DB3887721451970004D0803 /* PBXTargetDependency */,
			);
			name = SkyTests;
			productName = SkyTests;
			productReference = 1DB3887521451970004D0803 /* SkyTests.xctest */;
			productType = "com.apple.product-type.bundle.unit-test";
		};
		1DB3887F21451970004D0803 /* SkyUITests */ = {
			isa = PBXNativeTarget;
			buildConfigurationList = 1DB3888F21451970004D0803 /* Build configuration list for PBXNativeTarget "SkyUITests" */;
			buildPhases = (
				1DB3887C21451970004D0803 /* Sources */,
				1DB3887D21451970004D0803 /* Frameworks */,
				1DB3887E21451970004D0803 /* Resources */,
			);
			buildRules = (
			);
			dependencies = (
				1DB3888221451970004D0803 /* PBXTargetDependency */,
			);
			name = SkyUITests;
			productName = SkyUITests;
			productReference = 1DB3888021451970004D0803 /* SkyUITests.xctest */;
			productType = "com.apple.product-type.bundle.ui-testing";
		};
/* End PBXNativeTarget section */

/* Begin PBXProject section */
		1DB388562145196E004D0803 /* Project object */ = {
			isa = PBXProject;
			attributes = {
				LastSwiftUpdateCheck = 1000;
				LastUpgradeCheck = 1000;
				ORGANIZATIONNAME = cn.rick96;
				TargetAttributes = {
					1DB3885D2145196E004D0803 = {
						CreatedOnToolsVersion = 10.0;
					};
					1DB3887421451970004D0803 = {
						CreatedOnToolsVersion = 10.0;
						LastSwiftMigration = 1000;
						TestTargetID = 1DB3885D2145196E004D0803;
					};
					1DB3887F21451970004D0803 = {
						CreatedOnToolsVersion = 10.0;
						TestTargetID = 1DB3885D2145196E004D0803;
					};
				};
			};
			buildConfigurationList = 1DB388592145196E004D0803 /* Build configuration list for PBXProject "Sky" */;
			compatibilityVersion = "Xcode 9.3";
			developmentRegion = en;
			hasScannedForEncodings = 0;
			knownRegions = (
				en,
				Base,
			);
			mainGroup = 1DB388552145196E004D0803;
			productRefGroup = 1DB3885F2145196E004D0803 /* Products */;
			projectDirPath = "";
			projectRoot = "";
			targets = (
				1DB3885D2145196E004D0803 /* Sky */,
				1DB3887421451970004D0803 /* SkyTests */,
				1DB3887F21451970004D0803 /* SkyUITests */,
			);
		};
/* End PBXProject section */

/* Begin PBXResourcesBuildPhase section */
		1DB3885C2145196E004D0803 /* Resources */ = {
			isa = PBXResourcesBuildPhase;
			buildActionMask = 2147483647;
			files = (
				1DB3886F21451970004D0803 /* LaunchScreen.storyboard in Resources */,
				1DB3886C21451970004D0803 /* Assets.xcassets in Resources */,
				1DB388672145196E004D0803 /* Main.storyboard in Resources */,
			);
			runOnlyForDeploymentPostprocessing = 0;
		};
		1DB3887321451970004D0803 /* Resources */ = {
			isa = PBXResourcesBuildPhase;
			buildActionMask = 2147483647;
			files = (
			);
			runOnlyForDeploymentPostprocessing = 0;
		};
		1DB3887E21451970004D0803 /* Resources */ = {
			isa = PBXResourcesBuildPhase;
			buildActionMask = 2147483647;
			files = (
			);
			runOnlyForDeploymentPostprocessing = 0;
		};
/* End PBXResourcesBuildPhase section */

/* Begin PBXSourcesBuildPhase section */
		1DB3885A2145196E004D0803 /* Sources */ = {
			isa = PBXSourcesBuildPhase;
			buildActionMask = 2147483647;
			files = (
				1DB388642145196E004D0803 /* RootViewController.swift in Sources */,
				1DB388BD21463ADA004D0803 /* WeatherViewController.swift in Sources */,
				1DB388A4214584F4004D0803 /* WeatherDataManager.swift in Sources */,
				1DB388B421462F5D004D0803 /* URLSession.swift in Sources */,
				1DB3886A2145196E004D0803 /* Sky.xcdatamodeld in Sources */,
				1DB3889F2145824A004D0803 /* Location.swift in Sources */,
				1DB388C12146412D004D0803 /* Double.swift in Sources */,
				1DB388BF21463DF5004D0803 /* CurrentWeatherViewController.swift in Sources */,
				1DB388AB21462453004D0803 /* URLSessionProtocol.swift in Sources */,
				1DB3889B21458128004D0803 /* Configuration.swift in Sources */,
				1DB388A12145831D004D0803 /* WeatherData.swift in Sources */,
				1DB388B621462F6D004D0803 /* URLSessionDataTask.swift in Sources */,
				1DB388B821462FCC004D0803 /* URLSessionDataTaskProtocol.swift in Sources */,
				1DB388622145196E004D0803 /* AppDelegate.swift in Sources */,
			);
			runOnlyForDeploymentPostprocessing = 0;
		};
		1DB3887121451970004D0803 /* Sources */ = {
			isa = PBXSourcesBuildPhase;
			buildActionMask = 2147483647;
			files = (
				1DB388BA21463294004D0803 /* MockURLSessionDataTask.swift in Sources */,
				1DB388B021462DDE004D0803 /* MockURLSession.swift in Sources */,
				1DB388A621461FF5004D0803 /* WeatherDataManagerTest.swift in Sources */,
			);
			runOnlyForDeploymentPostprocessing = 0;
		};
		1DB3887C21451970004D0803 /* Sources */ = {
			isa = PBXSourcesBuildPhase;
			buildActionMask = 2147483647;
			files = (
				1DB3888521451970004D0803 /* SkyUITests.swift in Sources */,
			);
			runOnlyForDeploymentPostprocessing = 0;
		};
/* End PBXSourcesBuildPhase section */

/* Begin PBXTargetDependency section */
		1DB3887721451970004D0803 /* PBXTargetDependency */ = {
			isa = PBXTargetDependency;
			target = 1DB3885D2145196E004D0803 /* Sky */;
			targetProxy = 1DB3887621451970004D0803 /* PBXContainerItemProxy */;
		};
		1DB3888221451970004D0803 /* PBXTargetDependency */ = {
			isa = PBXTargetDependency;
			target = 1DB3885D2145196E004D0803 /* Sky */;
			targetProxy = 1DB3888121451970004D0803 /* PBXContainerItemProxy */;
		};
/* End PBXTargetDependency section */

/* Begin PBXVariantGroup section */
		1DB388652145196E004D0803 /* Main.storyboard */ = {
			isa = PBXVariantGroup;
			children = (
				1DB388662145196E004D0803 /* Base */,
			);
			name = Main.storyboard;
			sourceTree = "<group>";
		};
		1DB3886D21451970004D0803 /* LaunchScreen.storyboard */ = {
			isa = PBXVariantGroup;
			children = (
				1DB3886E21451970004D0803 /* Base */,
			);
			name = LaunchScreen.storyboard;
			sourceTree = "<group>";
		};
/* End PBXVariantGroup section */

/* Begin XCBuildConfiguration section */
		1DB3888721451970004D0803 /* Debug */ = {
			isa = XCBuildConfiguration;
			buildSettings = {
				ALWAYS_SEARCH_USER_PATHS = NO;
				CLANG_ANALYZER_NONNULL = YES;
				CLANG_ANALYZER_NUMBER_OBJECT_CONVERSION = YES_AGGRESSIVE;
				CLANG_CXX_LANGUAGE_STANDARD = "gnu++14";
				CLANG_CXX_LIBRARY = "libc++";
				CLANG_ENABLE_MODULES = YES;
				CLANG_ENABLE_OBJC_ARC = YES;
				CLANG_ENABLE_OBJC_WEAK = YES;
				CLANG_WARN_BLOCK_CAPTURE_AUTORELEASING = YES;
				CLANG_WARN_BOOL_CONVERSION = YES;
				CLANG_WARN_COMMA = YES;
				CLANG_WARN_CONSTANT_CONVERSION = YES;
				CLANG_WARN_DEPRECATED_OBJC_IMPLEMENTATIONS = YES;
				CLANG_WARN_DIRECT_OBJC_ISA_USAGE = YES_ERROR;
				CLANG_WARN_DOCUMENTATION_COMMENTS = YES;
				CLANG_WARN_EMPTY_BODY = YES;
				CLANG_WARN_ENUM_CONVERSION = YES;
				CLANG_WARN_INFINITE_RECURSION = YES;
				CLANG_WARN_INT_CONVERSION = YES;
				CLANG_WARN_NON_LITERAL_NULL_CONVERSION = YES;
				CLANG_WARN_OBJC_IMPLICIT_RETAIN_SELF = YES;
				CLANG_WARN_OBJC_LITERAL_CONVERSION = YES;
				CLANG_WARN_OBJC_ROOT_CLASS = YES_ERROR;
				CLANG_WARN_RANGE_LOOP_ANALYSIS = YES;
				CLANG_WARN_STRICT_PROTOTYPES = YES;
				CLANG_WARN_SUSPICIOUS_MOVE = YES;
				CLANG_WARN_UNGUARDED_AVAILABILITY = YES_AGGRESSIVE;
				CLANG_WARN_UNREACHABLE_CODE = YES;
				CLANG_WARN__DUPLICATE_METHOD_MATCH = YES;
				CODE_SIGN_IDENTITY = "iPhone Developer";
				COPY_PHASE_STRIP = NO;
				DEBUG_INFORMATION_FORMAT = dwarf;
				ENABLE_STRICT_OBJC_MSGSEND = YES;
				ENABLE_TESTABILITY = YES;
				GCC_C_LANGUAGE_STANDARD = gnu11;
				GCC_DYNAMIC_NO_PIC = NO;
				GCC_NO_COMMON_BLOCKS = YES;
				GCC_OPTIMIZATION_LEVEL = 0;
				GCC_PREPROCESSOR_DEFINITIONS = (
					"DEBUG=1",
					"$(inherited)",
				);
				GCC_WARN_64_TO_32_BIT_CONVERSION = YES;
				GCC_WARN_ABOUT_RETURN_TYPE = YES_ERROR;
				GCC_WARN_UNDECLARED_SELECTOR = YES;
				GCC_WARN_UNINITIALIZED_AUTOS = YES_AGGRESSIVE;
				GCC_WARN_UNUSED_FUNCTION = YES;
				GCC_WARN_UNUSED_VARIABLE = YES;
				IPHONEOS_DEPLOYMENT_TARGET = 12.0;
				MTL_ENABLE_DEBUG_INFO = INCLUDE_SOURCE;
				MTL_FAST_MATH = YES;
				ONLY_ACTIVE_ARCH = YES;
				SDKROOT = iphoneos;
				SWIFT_ACTIVE_COMPILATION_CONDITIONS = DEBUG;
				SWIFT_OPTIMIZATION_LEVEL = "-Onone";
			};
			name = Debug;
		};
		1DB3888821451970004D0803 /* Release */ = {
			isa = XCBuildConfiguration;
			buildSettings = {
				ALWAYS_SEARCH_USER_PATHS = NO;
				CLANG_ANALYZER_NONNULL = YES;
				CLANG_ANALYZER_NUMBER_OBJECT_CONVERSION = YES_AGGRESSIVE;
				CLANG_CXX_LANGUAGE_STANDARD = "gnu++14";
				CLANG_CXX_LIBRARY = "libc++";
				CLANG_ENABLE_MODULES = YES;
				CLANG_ENABLE_OBJC_ARC = YES;
				CLANG_ENABLE_OBJC_WEAK = YES;
				CLANG_WARN_BLOCK_CAPTURE_AUTORELEASING = YES;
				CLANG_WARN_BOOL_CONVERSION = YES;
				CLANG_WARN_COMMA = YES;
				CLANG_WARN_CONSTANT_CONVERSION = YES;
				CLANG_WARN_DEPRECATED_OBJC_IMPLEMENTATIONS = YES;
				CLANG_WARN_DIRECT_OBJC_ISA_USAGE = YES_ERROR;
				CLANG_WARN_DOCUMENTATION_COMMENTS = YES;
				CLANG_WARN_EMPTY_BODY = YES;
				CLANG_WARN_ENUM_CONVERSION = YES;
				CLANG_WARN_INFINITE_RECURSION = YES;
				CLANG_WARN_INT_CONVERSION = YES;
				CLANG_WARN_NON_LITERAL_NULL_CONVERSION = YES;
				CLANG_WARN_OBJC_IMPLICIT_RETAIN_SELF = YES;
				CLANG_WARN_OBJC_LITERAL_CONVERSION = YES;
				CLANG_WARN_OBJC_ROOT_CLASS = YES_ERROR;
				CLANG_WARN_RANGE_LOOP_ANALYSIS = YES;
				CLANG_WARN_STRICT_PROTOTYPES = YES;
				CLANG_WARN_SUSPICIOUS_MOVE = YES;
				CLANG_WARN_UNGUARDED_AVAILABILITY = YES_AGGRESSIVE;
				CLANG_WARN_UNREACHABLE_CODE = YES;
				CLANG_WARN__DUPLICATE_METHOD_MATCH = YES;
				CODE_SIGN_IDENTITY = "iPhone Developer";
				COPY_PHASE_STRIP = NO;
				DEBUG_INFORMATION_FORMAT = "dwarf-with-dsym";
				ENABLE_NS_ASSERTIONS = NO;
				ENABLE_STRICT_OBJC_MSGSEND = YES;
				GCC_C_LANGUAGE_STANDARD = gnu11;
				GCC_NO_COMMON_BLOCKS = YES;
				GCC_WARN_64_TO_32_BIT_CONVERSION = YES;
				GCC_WARN_ABOUT_RETURN_TYPE = YES_ERROR;
				GCC_WARN_UNDECLARED_SELECTOR = YES;
				GCC_WARN_UNINITIALIZED_AUTOS = YES_AGGRESSIVE;
				GCC_WARN_UNUSED_FUNCTION = YES;
				GCC_WARN_UNUSED_VARIABLE = YES;
				IPHONEOS_DEPLOYMENT_TARGET = 12.0;
				MTL_ENABLE_DEBUG_INFO = NO;
				MTL_FAST_MATH = YES;
				SDKROOT = iphoneos;
				SWIFT_COMPILATION_MODE = wholemodule;
				SWIFT_OPTIMIZATION_LEVEL = "-O";
				VALIDATE_PRODUCT = YES;
			};
			name = Release;
		};
		1DB3888A21451970004D0803 /* Debug */ = {
			isa = XCBuildConfiguration;
			buildSettings = {
				ASSETCATALOG_COMPILER_APPICON_NAME = AppIcon;
				CODE_SIGN_STYLE = Automatic;
				DEVELOPMENT_TEAM = P858546MPG;
				INFOPLIST_FILE = Sky/SupportingFiles/Info.plist;
				IPHONEOS_DEPLOYMENT_TARGET = 10.0;
				LD_RUNPATH_SEARCH_PATHS = (
					"$(inherited)",
					"@executable_path/Frameworks",
				);
				PRODUCT_BUNDLE_IDENTIFIER = rick96.Sky;
				PRODUCT_NAME = "$(TARGET_NAME)";
				SWIFT_VERSION = 4.2;
				TARGETED_DEVICE_FAMILY = "1,2";
			};
			name = Debug;
		};
		1DB3888B21451970004D0803 /* Release */ = {
			isa = XCBuildConfiguration;
			buildSettings = {
				ASSETCATALOG_COMPILER_APPICON_NAME = AppIcon;
				CODE_SIGN_STYLE = Automatic;
				DEVELOPMENT_TEAM = P858546MPG;
				INFOPLIST_FILE = Sky/SupportingFiles/Info.plist;
				IPHONEOS_DEPLOYMENT_TARGET = 10.0;
				LD_RUNPATH_SEARCH_PATHS = (
					"$(inherited)",
					"@executable_path/Frameworks",
				);
				PRODUCT_BUNDLE_IDENTIFIER = rick96.Sky;
				PRODUCT_NAME = "$(TARGET_NAME)";
				SWIFT_VERSION = 4.2;
				TARGETED_DEVICE_FAMILY = "1,2";
			};
			name = Release;
		};
		1DB3888D21451970004D0803 /* Debug */ = {
			isa = XCBuildConfiguration;
			buildSettings = {
				ALWAYS_EMBED_SWIFT_STANDARD_LIBRARIES = YES;
				BUNDLE_LOADER = "$(TEST_HOST)";
				CLANG_ENABLE_MODULES = YES;
				CODE_SIGN_STYLE = Automatic;
				DEVELOPMENT_TEAM = P858546MPG;
				INFOPLIST_FILE = SkyTests/Info.plist;
				IPHONEOS_DEPLOYMENT_TARGET = 10.0;
				LD_RUNPATH_SEARCH_PATHS = (
					"$(inherited)",
					"@executable_path/Frameworks",
					"@loader_path/Frameworks",
				);
				PRODUCT_BUNDLE_IDENTIFIER = rick96.SkyTests;
				PRODUCT_NAME = "$(TARGET_NAME)";
				SWIFT_OPTIMIZATION_LEVEL = "-Onone";
				SWIFT_VERSION = 4.2;
				TARGETED_DEVICE_FAMILY = "1,2";
				TEST_HOST = "$(BUILT_PRODUCTS_DIR)/Sky.app/Sky";
			};
			name = Debug;
		};
		1DB3888E21451970004D0803 /* Release */ = {
			isa = XCBuildConfiguration;
			buildSettings = {
				ALWAYS_EMBED_SWIFT_STANDARD_LIBRARIES = YES;
				BUNDLE_LOADER = "$(TEST_HOST)";
				CLANG_ENABLE_MODULES = YES;
				CODE_SIGN_STYLE = Automatic;
				DEVELOPMENT_TEAM = P858546MPG;
				INFOPLIST_FILE = SkyTests/Info.plist;
				IPHONEOS_DEPLOYMENT_TARGET = 10.0;
				LD_RUNPATH_SEARCH_PATHS = (
					"$(inherited)",
					"@executable_path/Frameworks",
					"@loader_path/Frameworks",
				);
				PRODUCT_BUNDLE_IDENTIFIER = rick96.SkyTests;
				PRODUCT_NAME = "$(TARGET_NAME)";
				SWIFT_VERSION = 4.2;
				TARGETED_DEVICE_FAMILY = "1,2";
				TEST_HOST = "$(BUILT_PRODUCTS_DIR)/Sky.app/Sky";
			};
			name = Release;
		};
		1DB3889021451970004D0803 /* Debug */ = {
			isa = XCBuildConfiguration;
			buildSettings = {
				ALWAYS_EMBED_SWIFT_STANDARD_LIBRARIES = YES;
				CODE_SIGN_STYLE = Automatic;
				DEVELOPMENT_TEAM = P858546MPG;
				INFOPLIST_FILE = SkyUITests/Info.plist;
				IPHONEOS_DEPLOYMENT_TARGET = 10.0;
				LD_RUNPATH_SEARCH_PATHS = (
					"$(inherited)",
					"@executable_path/Frameworks",
					"@loader_path/Frameworks",
				);
				PRODUCT_BUNDLE_IDENTIFIER = rick96.SkyUITests;
				PRODUCT_NAME = "$(TARGET_NAME)";
				SWIFT_VERSION = 4.2;
				TARGETED_DEVICE_FAMILY = "1,2";
				TEST_TARGET_NAME = Sky;
			};
			name = Debug;
		};
		1DB3889121451970004D0803 /* Release */ = {
			isa = XCBuildConfiguration;
			buildSettings = {
				ALWAYS_EMBED_SWIFT_STANDARD_LIBRARIES = YES;
				CODE_SIGN_STYLE = Automatic;
				DEVELOPMENT_TEAM = P858546MPG;
				INFOPLIST_FILE = SkyUITests/Info.plist;
				IPHONEOS_DEPLOYMENT_TARGET = 10.0;
				LD_RUNPATH_SEARCH_PATHS = (
					"$(inherited)",
					"@executable_path/Frameworks",
					"@loader_path/Frameworks",
				);
				PRODUCT_BUNDLE_IDENTIFIER = rick96.SkyUITests;
				PRODUCT_NAME = "$(TARGET_NAME)";
				SWIFT_VERSION = 4.2;
				TARGETED_DEVICE_FAMILY = "1,2";
				TEST_TARGET_NAME = Sky;
			};
			name = Release;
		};
/* End XCBuildConfiguration section */

/* Begin XCConfigurationList section */
		1DB388592145196E004D0803 /* Build configuration list for PBXProject "Sky" */ = {
			isa = XCConfigurationList;
			buildConfigurations = (
				1DB3888721451970004D0803 /* Debug */,
				1DB3888821451970004D0803 /* Release */,
			);
			defaultConfigurationIsVisible = 0;
			defaultConfigurationName = Release;
		};
		1DB3888921451970004D0803 /* Build configuration list for PBXNativeTarget "Sky" */ = {
			isa = XCConfigurationList;
			buildConfigurations = (
				1DB3888A21451970004D0803 /* Debug */,
				1DB3888B21451970004D0803 /* Release */,
			);
			defaultConfigurationIsVisible = 0;
			defaultConfigurationName = Release;
		};
		1DB3888C21451970004D0803 /* Build configuration list for PBXNativeTarget "SkyTests" */ = {
			isa = XCConfigurationList;
			buildConfigurations = (
				1DB3888D21451970004D0803 /* Debug */,
				1DB3888E21451970004D0803 /* Release */,
			);
			defaultConfigurationIsVisible = 0;
			defaultConfigurationName = Release;
		};
		1DB3888F21451970004D0803 /* Build configuration list for PBXNativeTarget "SkyUITests" */ = {
			isa = XCConfigurationList;
			buildConfigurations = (
				1DB3889021451970004D0803 /* Debug */,
				1DB3889121451970004D0803 /* Release */,
			);
			defaultConfigurationIsVisible = 0;
			defaultConfigurationName = Release;
		};
/* End XCConfigurationList section */

/* Begin XCVersionGroup section */
		1DB388682145196E004D0803 /* Sky.xcdatamodeld */ = {
			isa = XCVersionGroup;
			children = (
				1DB388692145196E004D0803 /* Sky.xcdatamodel */,
			);
			currentVersion = 1DB388692145196E004D0803 /* Sky.xcdatamodel */;
			path = Sky.xcdatamodeld;
			sourceTree = "<group>";
			versionGroupType = wrapper.xcdatamodel;
		};
/* End XCVersionGroup section */
	};
	rootObject = 1DB388562145196E004D0803 /* Project object */;
}
